{
  "name": "astro-droid-js-core",
  "version": "1.0.0",
  "lockfileVersion": 1,
  "requires": true,
  "dependencies": {
    "fluent-ts-validator": {
      "version": "3.0.2",
      "resolved": "https://registry.npmjs.org/fluent-ts-validator/-/fluent-ts-validator-3.0.2.tgz",
      "integrity": "sha1-SE1H/QaD6NNvkMO/8AkslJmPvn8=",
      "requires": {
        "validator": "8.1.0"
      }
    },
    "validator": {
      "version": "8.1.0",
      "resolved": "https://registry.npmjs.org/validator/-/validator-8.1.0.tgz",
      "integrity": "sha512-0j7K1/yFA2Us3Oo8yay5iJh0NzjYvqE7AendsJVu+x7HgMVtWjGxaaMehr2IJqGo+KZhbYbw39ekjq6W6aGqkw=="
    }
  }
}
