{
  "name": "astrodroidjs",
  "version": "1.0.0",
  "lockfileVersion": 1,
  "requires": true,
  "dependencies": {
    "@tweenjs/tween.js": {
      "version": "18.6.4",
      "resolved": "https://registry.npmjs.org/@tweenjs/tween.js/-/tween.js-18.6.4.tgz",
      "integrity": "sha512-lB9lMjuqjtuJrx7/kOkqQBtllspPIN+96OvTCeJ2j5FEzinoAXTdAMFnDAQT1KVPRlnYfBrqxtqP66vDM40xxQ=="
    },
    "@types/aframe": {
      "version": "1.0.3",
      "resolved": "https://registry.npmjs.org/@types/aframe/-/aframe-1.0.3.tgz",
      "integrity": "sha512-nIhS32JGQRFm4meu3YLz/2rxycnY+RoPZLm7N4d/YhdQVBECi4hPG7hInaibsKTBQCEQvCVDH/HjexpMha5WQg==",
      "requires": {
        "@tweenjs/tween.js": "^18.6.1",
        "three": "*"
      }
    },
    "astro-droid-js-core": {
      "version": "1.0.0",
      "requires": {
        "fluent-ts-validator": "^3.0.2"
      },
      "dependencies": {
        "fluent-ts-validator": {
          "version": "3.0.2",
          "resolved": "https://registry.npmjs.org/fluent-ts-validator/-/fluent-ts-validator-3.0.2.tgz",
          "integrity": "sha1-SE1H/QaD6NNvkMO/8AkslJmPvn8=",
          "requires": {
            "validator": "8.1.0"
          }
        },
        "validator": {
          "version": "8.1.0",
          "resolved": "https://registry.npmjs.org/validator/-/validator-8.1.0.tgz",
          "integrity": "sha512-0j7K1/yFA2Us3Oo8yay5iJh0NzjYvqE7AendsJVu+x7HgMVtWjGxaaMehr2IJqGo+KZhbYbw39ekjq6W6aGqkw=="
        }
      }
    },
    "fluent-ts-validator": {
      "version": "3.0.2",
      "resolved": "https://registry.npmjs.org/fluent-ts-validator/-/fluent-ts-validator-3.0.2.tgz",
      "integrity": "sha1-SE1H/QaD6NNvkMO/8AkslJmPvn8=",
      "requires": {
        "validator": "8.1.0"
      }
    },
    "three": {
      "version": "0.125.2",
      "resolved": "https://registry.npmjs.org/three/-/three-0.125.2.tgz",
      "integrity": "sha512-7rIRO23jVKWcAPFdW/HREU2NZMGWPBZ4XwEMt0Ak0jwLUKVJhcKM55eCBWyGZq/KiQbeo1IeuAoo/9l2dzhTXA=="
    },
    "validator": {
      "version": "8.1.0",
      "resolved": "https://registry.npmjs.org/validator/-/validator-8.1.0.tgz",
      "integrity": "sha512-0j7K1/yFA2Us3Oo8yay5iJh0NzjYvqE7AendsJVu+x7HgMVtWjGxaaMehr2IJqGo+KZhbYbw39ekjq6W6aGqkw=="
    }
  }
}
